
Microsoft Visual Studio Solution File, Format Version 12.00
# Visual Studio Version 17
VisualStudioVersion = 17.5.33627.172
MinimumVisualStudioVersion = 10.0.40219.1
Project("{8BC9CEB8-8B4A-11D0-8D11-00A0C91BC942}") = "Assignment0518", "0519Homework\0519Homework.vcxproj", "{2AA72B84-59E4-4FAA-BDF4-1D1A745303D4}"
EndProject
Project("{8BC9CEB8-8B4A-11D0-8D11-00A0C91BC942}") = "Assignment0519", "Homework0519\Homework0519.vcxproj", "{4B5EB3EC-5A65-4706-B9C9-9F5A0A4B846D}"
EndProject
Project("{8BC9CEB8-8B4A-11D0-8D11-00A0C91BC942}") = "Assignment0522", "Assignment0522\Assignment0522.vcxproj", "{FF6D6269-05BA-4CCE-85F7-B414D7C78535}"
EndProject
Global
	GlobalSection(SolutionConfigurationPlatforms) = preSolution
		Debug|x64 = Debug|x64
		Debug|x86 = Debug|x86
		Release|x64 = Release|x64
		Release|x86 = Release|x86
	EndGlobalSection
	GlobalSection(ProjectConfigurationPlatforms) = postSolution
		{2AA72B84-59E4-4FAA-BDF4-1D1A745303D4}.Debug|x64.ActiveCfg = Debug|x64
		{2AA72B84-59E4-4FAA-BDF4-1D1A745303D4}.Debug|x64.Build.0 = Debug|x64
		{2AA72B84-59E4-4FAA-BDF4-1D1A745303D4}.Debug|x86.ActiveCfg = Debug|Win32
		{2AA72B84-59E4-4FAA-BDF4-1D1A745303D4}.Debug|x86.Build.0 = Debug|Win32
		{2AA72B84-59E4-4FAA-BDF4-1D1A745303D4}.Release|x64.ActiveCfg = Release|x64
		{2AA72B84-59E4-4FAA-BDF4-1D1A745303D4}.Release|x64.Build.0 = Release|x64
		{2AA72B84-59E4-4FAA-BDF4-1D1A745303D4}.Release|x86.ActiveCfg = Release|Win32
		{2AA72B84-59E4-4FAA-BDF4-1D1A745303D4}.Release|x86.Build.0 = Release|Win32
		{4B5EB3EC-5A65-4706-B9C9-9F5A0A4B846D}.Debug|x64.ActiveCfg = Debug|x64
		{4B5EB3EC-5A65-4706-B9C9-9F5A0A4B846D}.Debug|x64.Build.0 = Debug|x64
		{4B5EB3EC-5A65-4706-B9C9-9F5A0A4B846D}.Debug|x86.ActiveCfg = Debug|Win32
		{4B5EB3EC-5A65-4706-B9C9-9F5A0A4B846D}.Debug|x86.Build.0 = Debug|Win32
		{4B5EB3EC-5A65-4706-B9C9-9F5A0A4B846D}.Release|x64.ActiveCfg = Release|x64
		{4B5EB3EC-5A65-4706-B9C9-9F5A0A4B846D}.Release|x64.Build.0 = Release|x64
		{4B5EB3EC-5A65-4706-B9C9-9F5A0A4B846D}.Release|x86.ActiveCfg = Release|Win32
		{4B5EB3EC-5A65-4706-B9C9-9F5A0A4B846D}.Release|x86.Build.0 = Release|Win32
		{FF6D6269-05BA-4CCE-85F7-B414D7C78535}.Debug|x64.ActiveCfg = Debug|x64
		{FF6D6269-05BA-4CCE-85F7-B414D7C78535}.Debug|x64.Build.0 = Debug|x64
		{FF6D6269-05BA-4CCE-85F7-B414D7C78535}.Debug|x86.ActiveCfg = Debug|Win32
		{FF6D6269-05BA-4CCE-85F7-B414D7C78535}.Debug|x86.Build.0 = Debug|Win32
		{FF6D6269-05BA-4CCE-85F7-B414D7C78535}.Release|x64.ActiveCfg = Release|x64
		{FF6D6269-05BA-4CCE-85F7-B414D7C78535}.Release|x64.Build.0 = Release|x64
		{FF6D6269-05BA-4CCE-85F7-B414D7C78535}.Release|x86.ActiveCfg = Release|Win32
		{FF6D6269-05BA-4CCE-85F7-B414D7C78535}.Release|x86.Build.0 = Release|Win32
	EndGlobalSection
	GlobalSection(SolutionProperties) = preSolution
		HideSolutionNode = FALSE
	EndGlobalSection
	GlobalSection(ExtensibilityGlobals) = postSolution
		SolutionGuid = {C9AA50C1-4E97-46E7-A89F-2CA68691555B}
	EndGlobalSection
EndGlobal
